// !$*UTF8*$!
{
	archiveVersion = 1;
	classes = {
	};
	objectVersion = 48;
	objects = {

/* Begin PBXBuildFile section */
		320C84F52013A1D100587BDB /* StepRemappers.swift in Sources */ = {isa = PBXBuildFile; fileRef = 320C84F42013A1D100587BDB /* StepRemappers.swift */; };
		320C84F72013A1E500587BDB /* ToneSets.swift in Sources */ = {isa = PBXBuildFile; fileRef = 320C84F62013A1E500587BDB /* ToneSets.swift */; };
		326D7B34200E85D800C810BD /* PhenotypeRiffWeaving.h in Headers */ = {isa = PBXBuildFile; fileRef = 326D7B32200E85D800C810BD /* PhenotypeRiffWeaving.h */; settings = {ATTRIBUTES = (Public, ); }; };
		327201492015EA5C00480720 /* RiffFitness.swift in Sources */ = {isa = PBXBuildFile; fileRef = 327201482015EA5C00480720 /* RiffFitness.swift */; };
		32A8D4002016C45000195DF7 /* RiffMapping.swift in Sources */ = {isa = PBXBuildFile; fileRef = 32A8D3FF2016C45000195DF7 /* RiffMapping.swift */; };
		32E75ABF2023C27100D43FAD /* NoteEventList.swift in Sources */ = {isa = PBXBuildFile; fileRef = 32E75ABE2023C27100D43FAD /* NoteEventList.swift */; };
		32E75AC12023C2B600D43FAD /* Riffer.swift in Sources */ = {isa = PBXBuildFile; fileRef = 32E75AC02023C2B600D43FAD /* Riffer.swift */; };
		32E75AC32023C33A00D43FAD /* TypeDefinitions.swift in Sources */ = {isa = PBXBuildFile; fileRef = 32E75AC22023C33A00D43FAD /* TypeDefinitions.swift */; };
/* End PBXBuildFile section */

/* Begin PBXFileReference section */
		320C84F42013A1D100587BDB /* StepRemappers.swift */ = {isa = PBXFileReference; lastKnownFileType = sourcecode.swift; path = StepRemappers.swift; sourceTree = "<group>"; };
		320C84F62013A1E500587BDB /* ToneSets.swift */ = {isa = PBXFileReference; lastKnownFileType = sourcecode.swift; path = ToneSets.swift; sourceTree = "<group>"; };
		326D7B2F200E85D800C810BD /* PhenotypeRiffWeaving.framework */ = {isa = PBXFileReference; explicitFileType = wrapper.framework; includeInIndex = 0; path = PhenotypeRiffWeaving.framework; sourceTree = BUILT_PRODUCTS_DIR; };
		326D7B32200E85D800C810BD /* PhenotypeRiffWeaving.h */ = {isa = PBXFileReference; lastKnownFileType = sourcecode.c.h; path = PhenotypeRiffWeaving.h; sourceTree = "<group>"; };
		326D7B33200E85D800C810BD /* Info.plist */ = {isa = PBXFileReference; lastKnownFileType = text.plist.xml; path = Info.plist; sourceTree = "<group>"; };
		327201482015EA5C00480720 /* RiffFitness.swift */ = {isa = PBXFileReference; lastKnownFileType = sourcecode.swift; path = RiffFitness.swift; sourceTree = "<group>"; };
		32A8D3FF2016C45000195DF7 /* RiffMapping.swift */ = {isa = PBXFileReference; lastKnownFileType = sourcecode.swift; path = RiffMapping.swift; sourceTree = "<group>"; };
		32E75ABE2023C27100D43FAD /* NoteEventList.swift */ = {isa = PBXFileReference; lastKnownFileType = sourcecode.swift; path = NoteEventList.swift; sourceTree = "<group>"; };
		32E75AC02023C2B600D43FAD /* Riffer.swift */ = {isa = PBXFileReference; lastKnownFileType = sourcecode.swift; path = Riffer.swift; sourceTree = "<group>"; };
		32E75AC22023C33A00D43FAD /* TypeDefinitions.swift */ = {isa = PBXFileReference; lastKnownFileType = sourcecode.swift; path = TypeDefinitions.swift; sourceTree = "<group>"; };
/* End PBXFileReference section */

/* Begin PBXFrameworksBuildPhase section */
		326D7B2B200E85D800C810BD /* Frameworks */ = {
			isa = PBXFrameworksBuildPhase;
			buildActionMask = 2147483647;
			files = (
			);
			runOnlyForDeploymentPostprocessing = 0;
		};
/* End PBXFrameworksBuildPhase section */

/* Begin PBXGroup section */
		326D7B25200E85D800C810BD = {
			isa = PBXGroup;
			children = (
				326D7B31200E85D800C810BD /* PhenotypeRiffWeaving */,
				326D7B30200E85D800C810BD /* Products */,
			);
			sourceTree = "<group>";
		};
		326D7B30200E85D800C810BD /* Products */ = {
			isa = PBXGroup;
			children = (
				326D7B2F200E85D800C810BD /* PhenotypeRiffWeaving.framework */,
			);
			name = Products;
			sourceTree = "<group>";
		};
		326D7B31200E85D800C810BD /* PhenotypeRiffWeaving */ = {
			isa = PBXGroup;
			children = (
				32E75ABE2023C27100D43FAD /* NoteEventList.swift */,
				32E75AC02023C2B600D43FAD /* Riffer.swift */,
				32A8D3FF2016C45000195DF7 /* RiffMapping.swift */,
				327201482015EA5C00480720 /* RiffFitness.swift */,
				32E75AC22023C33A00D43FAD /* TypeDefinitions.swift */,
				320C84F42013A1D100587BDB /* StepRemappers.swift */,
				320C84F62013A1E500587BDB /* ToneSets.swift */,
				326D7B33200E85D800C810BD /* Info.plist */,
				326D7B32200E85D800C810BD /* PhenotypeRiffWeaving.h */,
			);
			path = PhenotypeRiffWeaving;
			sourceTree = "<group>";
		};
/* End PBXGroup section */

/* Begin PBXHeadersBuildPhase section */
		326D7B2C200E85D800C810BD /* Headers */ = {
			isa = PBXHeadersBuildPhase;
			buildActionMask = 2147483647;
			files = (
				326D7B34200E85D800C810BD /* PhenotypeRiffWeaving.h in Headers */,
			);
			runOnlyForDeploymentPostprocessing = 0;
		};
/* End PBXHeadersBuildPhase section */

/* Begin PBXNativeTarget section */
		326D7B2E200E85D800C810BD /* PhenotypeRiffWeaving */ = {
			isa = PBXNativeTarget;
			buildConfigurationList = 326D7B37200E85D800C810BD /* Build configuration list for PBXNativeTarget "PhenotypeRiffWeaving" */;
			buildPhases = (
				326D7B2A200E85D800C810BD /* Sources */,
				326D7B2B200E85D800C810BD /* Frameworks */,
				326D7B2C200E85D800C810BD /* Headers */,
				326D7B2D200E85D800C810BD /* Resources */,
			);
			buildRules = (
			);
			dependencies = (
			);
			name = PhenotypeRiffWeaving;
			productName = PhenotypeRiffWeaving;
			productReference = 326D7B2F200E85D800C810BD /* PhenotypeRiffWeaving.framework */;
			productType = "com.apple.product-type.framework";
		};
/* End PBXNativeTarget section */

/* Begin PBXProject section */
		326D7B26200E85D800C810BD /* Project object */ = {
			isa = PBXProject;
			attributes = {
				LastUpgradeCheck = 0900;
				ORGANIZATIONNAME = "Thom Jordan";
				TargetAttributes = {
					326D7B2E200E85D800C810BD = {
						CreatedOnToolsVersion = 9.0;
						LastSwiftMigration = 0900;
						ProvisioningStyle = Automatic;
					};
				};
			};
			buildConfigurationList = 326D7B29200E85D800C810BD /* Build configuration list for PBXProject "PhenotypeRiffWeaving" */;
			compatibilityVersion = "Xcode 8.0";
			developmentRegion = en;
			hasScannedForEncodings = 0;
			knownRegions = (
				en,
			);
			mainGroup = 326D7B25200E85D800C810BD;
			productRefGroup = 326D7B30200E85D800C810BD /* Products */;
			projectDirPath = "";
			projectRoot = "";
			targets = (
				326D7B2E200E85D800C810BD /* PhenotypeRiffWeaving */,
			);
		};
/* End PBXProject section */

/* Begin PBXResourcesBuildPhase section */
		326D7B2D200E85D800C810BD /* Resources */ = {
			isa = PBXResourcesBuildPhase;
			buildActionMask = 2147483647;
			files = (
			);
			runOnlyForDeploymentPostprocessing = 0;
		};
/* End PBXResourcesBuildPhase section */

/* Begin PBXSourcesBuildPhase section */
		326D7B2A200E85D800C810BD /* Sources */ = {
			isa = PBXSourcesBuildPhase;
			buildActionMask = 2147483647;
			files = (
				327201492015EA5C00480720 /* RiffFitness.swift in Sources */,
				320C84F52013A1D100587BDB /* StepRemappers.swift in Sources */,
				320C84F72013A1E500587BDB /* ToneSets.swift in Sources */,
				32E75ABF2023C27100D43FAD /* NoteEventList.swift in Sources */,
				32A8D4002016C45000195DF7 /* RiffMapping.swift in Sources */,
				32E75AC32023C33A00D43FAD /* TypeDefinitions.swift in Sources */,
				32E75AC12023C2B600D43FAD /* Riffer.swift in Sources */,
			);
			runOnlyForDeploymentPostprocessing = 0;
		};
/* End PBXSourcesBuildPhase section */

/* Begin XCBuildConfiguration section */
		326D7B35200E85D800C810BD /* Debug */ = {
			isa = XCBuildConfiguration;
			buildSettings = {
				ALWAYS_SEARCH_USER_PATHS = NO;
				CLANG_ANALYZER_NONNULL = YES;
				CLANG_ANALYZER_NUMBER_OBJECT_CONVERSION = YES_AGGRESSIVE;
				CLANG_CXX_LANGUAGE_STANDARD = "gnu++14";
				CLANG_CXX_LIBRARY = "libc++";
				CLANG_ENABLE_MODULES = YES;
				CLANG_ENABLE_OBJC_ARC = YES;
				CLANG_WARN_BLOCK_CAPTURE_AUTORELEASING = YES;
				CLANG_WARN_BOOL_CONVERSION = YES;
				CLANG_WARN_COMMA = YES;
				CLANG_WARN_CONSTANT_CONVERSION = YES;
				CLANG_WARN_DIRECT_OBJC_ISA_USAGE = YES_ERROR;
				CLANG_WARN_DOCUMENTATION_COMMENTS = YES;
				CLANG_WARN_EMPTY_BODY = YES;
				CLANG_WARN_ENUM_CONVERSION = YES;
				CLANG_WARN_INFINITE_RECURSION = YES;
				CLANG_WARN_INT_CONVERSION = YES;
				CLANG_WARN_NON_LITERAL_NULL_CONVERSION = YES;
				CLANG_WARN_OBJC_LITERAL_CONVERSION = YES;
				CLANG_WARN_OBJC_ROOT_CLASS = YES_ERROR;
				CLANG_WARN_RANGE_LOOP_ANALYSIS = YES;
				CLANG_WARN_STRICT_PROTOTYPES = YES;
				CLANG_WARN_SUSPICIOUS_MOVE = YES;
				CLANG_WARN_UNGUARDED_AVAILABILITY = YES_AGGRESSIVE;
				CLANG_WARN_UNREACHABLE_CODE = YES;
				CLANG_WARN__DUPLICATE_METHOD_MATCH = YES;
				CODE_SIGN_IDENTITY = "Mac Developer";
				COPY_PHASE_STRIP = NO;
				CURRENT_PROJECT_VERSION = 1;
				DEBUG_INFORMATION_FORMAT = dwarf;
				ENABLE_STRICT_OBJC_MSGSEND = YES;
				ENABLE_TESTABILITY = YES;
				GCC_C_LANGUAGE_STANDARD = gnu11;
				GCC_DYNAMIC_NO_PIC = NO;
				GCC_NO_COMMON_BLOCKS = YES;
				GCC_OPTIMIZATION_LEVEL = 0;
				GCC_PREPROCESSOR_DEFINITIONS = (
					"DEBUG=1",
					"$(inherited)",
				);
				GCC_WARN_64_TO_32_BIT_CONVERSION = YES;
				GCC_WARN_ABOUT_RETURN_TYPE = YES_ERROR;
				GCC_WARN_UNDECLARED_SELECTOR = YES;
				GCC_WARN_UNINITIALIZED_AUTOS = YES_AGGRESSIVE;
				GCC_WARN_UNUSED_FUNCTION = YES;
				GCC_WARN_UNUSED_VARIABLE = YES;
				MACOSX_DEPLOYMENT_TARGET = 10.12;
				MTL_ENABLE_DEBUG_INFO = YES;
				ONLY_ACTIVE_ARCH = YES;
				SDKROOT = macosx;
				SWIFT_ACTIVE_COMPILATION_CONDITIONS = DEBUG;
				SWIFT_OPTIMIZATION_LEVEL = "-Onone";
				VERSIONING_SYSTEM = "apple-generic";
				VERSION_INFO_PREFIX = "";
			};
			name = Debug;
		};
		326D7B36200E85D800C810BD /* Release */ = {
			isa = XCBuildConfiguration;
			buildSettings = {
				ALWAYS_SEARCH_USER_PATHS = NO;
				CLANG_ANALYZER_NONNULL = YES;
				CLANG_ANALYZER_NUMBER_OBJECT_CONVERSION = YES_AGGRESSIVE;
				CLANG_CXX_LANGUAGE_STANDARD = "gnu++14";
				CLANG_CXX_LIBRARY = "libc++";
				CLANG_ENABLE_MODULES = YES;
				CLANG_ENABLE_OBJC_ARC = YES;
				CLANG_WARN_BLOCK_CAPTURE_AUTORELEASING = YES;
				CLANG_WARN_BOOL_CONVERSION = YES;
				CLANG_WARN_COMMA = YES;
				CLANG_WARN_CONSTANT_CONVERSION = YES;
				CLANG_WARN_DIRECT_OBJC_ISA_USAGE = YES_ERROR;
				CLANG_WARN_DOCUMENTATION_COMMENTS = YES;
				CLANG_WARN_EMPTY_BODY = YES;
				CLANG_WARN_ENUM_CONVERSION = YES;
				CLANG_WARN_INFINITE_RECURSION = YES;
				CLANG_WARN_INT_CONVERSION = YES;
				CLANG_WARN_NON_LITERAL_NULL_CONVERSION = YES;
				CLANG_WARN_OBJC_LITERAL_CONVERSION = YES;
				CLANG_WARN_OBJC_ROOT_CLASS = YES_ERROR;
				CLANG_WARN_RANGE_LOOP_ANALYSIS = YES;
				CLANG_WARN_STRICT_PROTOTYPES = YES;
				CLANG_WARN_SUSPICIOUS_MOVE = YES;
				CLANG_WARN_UNGUARDED_AVAILABILITY = YES_AGGRESSIVE;
				CLANG_WARN_UNREACHABLE_CODE = YES;
				CLANG_WARN__DUPLICATE_METHOD_MATCH = YES;
				CODE_SIGN_IDENTITY = "Mac Developer";
				COPY_PHASE_STRIP = NO;
				CURRENT_PROJECT_VERSION = 1;
				DEBUG_INFORMATION_FORMAT = "dwarf-with-dsym";
				ENABLE_NS_ASSERTIONS = NO;
				ENABLE_STRICT_OBJC_MSGSEND = YES;
				GCC_C_LANGUAGE_STANDARD = gnu11;
				GCC_NO_COMMON_BLOCKS = YES;
				GCC_WARN_64_TO_32_BIT_CONVERSION = YES;
				GCC_WARN_ABOUT_RETURN_TYPE = YES_ERROR;
				GCC_WARN_UNDECLARED_SELECTOR = YES;
				GCC_WARN_UNINITIALIZED_AUTOS = YES_AGGRESSIVE;
				GCC_WARN_UNUSED_FUNCTION = YES;
				GCC_WARN_UNUSED_VARIABLE = YES;
				MACOSX_DEPLOYMENT_TARGET = 10.12;
				MTL_ENABLE_DEBUG_INFO = NO;
				SDKROOT = macosx;
				SWIFT_OPTIMIZATION_LEVEL = "-Owholemodule";
				VERSIONING_SYSTEM = "apple-generic";
				VERSION_INFO_PREFIX = "";
			};
			name = Release;
		};
		326D7B38200E85D800C810BD /* Debug */ = {
			isa = XCBuildConfiguration;
			buildSettings = {
				CLANG_ENABLE_MODULES = YES;
				CODE_SIGN_IDENTITY = "";
				CODE_SIGN_STYLE = Automatic;
				COMBINE_HIDPI_IMAGES = YES;
				DEFINES_MODULE = YES;
				DEVELOPMENT_TEAM = LCWUE4FXKB;
				DYLIB_COMPATIBILITY_VERSION = 1;
				DYLIB_CURRENT_VERSION = 1;
				DYLIB_INSTALL_NAME_BASE = "@rpath";
				FRAMEWORK_VERSION = A;
				INFOPLIST_FILE = PhenotypeRiffWeaving/Info.plist;
				INSTALL_PATH = "$(LOCAL_LIBRARY_DIR)/Frameworks";
				LD_RUNPATH_SEARCH_PATHS = "$(inherited) @executable_path/../Frameworks @loader_path/Frameworks";
				PRODUCT_BUNDLE_IDENTIFIER = rationum.com.PhenotypeRiffWeaving;
				PRODUCT_NAME = "$(TARGET_NAME:c99extidentifier)";
				SKIP_INSTALL = YES;
				SWIFT_OPTIMIZATION_LEVEL = "-Onone";
				SWIFT_VERSION = 4.0;
			};
			name = Debug;
		};
		326D7B39200E85D800C810BD /* Release */ = {
			isa = XCBuildConfiguration;
			buildSettings = {
				CLANG_ENABLE_MODULES = YES;
				CODE_SIGN_IDENTITY = "";
				CODE_SIGN_STYLE = Automatic;
				COMBINE_HIDPI_IMAGES = YES;
				DEFINES_MODULE = YES;
				DEVELOPMENT_TEAM = LCWUE4FXKB;
				DYLIB_COMPATIBILITY_VERSION = 1;
				DYLIB_CURRENT_VERSION = 1;
				DYLIB_INSTALL_NAME_BASE = "@rpath";
				FRAMEWORK_VERSION = A;
				INFOPLIST_FILE = PhenotypeRiffWeaving/Info.plist;
				INSTALL_PATH = "$(LOCAL_LIBRARY_DIR)/Frameworks";
				LD_RUNPATH_SEARCH_PATHS = "$(inherited) @executable_path/../Frameworks @loader_path/Frameworks";
				PRODUCT_BUNDLE_IDENTIFIER = rationum.com.PhenotypeRiffWeaving;
				PRODUCT_NAME = "$(TARGET_NAME:c99extidentifier)";
				SKIP_INSTALL = YES;
				SWIFT_VERSION = 4.0;
			};
			name = Release;
		};
/* End XCBuildConfiguration section */

/* Begin XCConfigurationList section */
		326D7B29200E85D800C810BD /* Build configuration list for PBXProject "PhenotypeRiffWeaving" */ = {
			isa = XCConfigurationList;
			buildConfigurations = (
				326D7B35200E85D800C810BD /* Debug */,
				326D7B36200E85D800C810BD /* Release */,
			);
			defaultConfigurationIsVisible = 0;
			defaultConfigurationName = Release;
		};
		326D7B37200E85D800C810BD /* Build configuration list for PBXNativeTarget "PhenotypeRiffWeaving" */ = {
			isa = XCConfigurationList;
			buildConfigurations = (
				326D7B38200E85D800C810BD /* Debug */,
				326D7B39200E85D800C810BD /* Release */,
			);
			defaultConfigurationIsVisible = 0;
			defaultConfigurationName = Release;
		};
/* End XCConfigurationList section */
	};
	rootObject = 326D7B26200E85D800C810BD /* Project object */;
}
